lockfileVersion: '6.0'

settings:
  autoInstallPeers: true
  excludeLinksFromLockfile: false

devDependencies:
  '@rslib/core':
    specifier: ^0.3.1
    version: 0.3.1(typescript@5.7.3)
  '@types/node':
    specifier: ^22.10.5
    version: 22.10.5
  typescript:
    specifier: ^5.7.3
    version: 5.7.3

packages:

  /@jridgewell/sourcemap-codec@1.5.0:
    resolution: {integrity: sha512-gv3ZRaISU3fjPAgNsriBRqGWQL6quFx04YMPW/zD8XMLsU32mhCCbfbO6KZFLjvYpCZ8zyDEgqsgf+PwPaM7GQ==}
    dev: true

  /@module-federation/error-codes@0.8.4:
    resolution: {integrity: sha512-55LYmrDdKb4jt+qr8qE8U3al62ZANp3FhfVaNPOaAmdTh0jHdD8M3yf5HKFlr5xVkVO4eV/F/J2NCfpbh+pEXQ==}
    dev: true

  /@module-federation/runtime-tools@0.8.4:
    resolution: {integrity: sha512-fjVOsItJ1u5YY6E9FnS56UDwZgqEQUrWFnouRiPtK123LUuqUI9FH4redZoKWlE1PB0ir1Z3tnqy8eFYzPO38Q==}
    dependencies:
      '@module-federation/runtime': 0.8.4
      '@module-federation/webpack-bundler-runtime': 0.8.4
    dev: true

  /@module-federation/runtime@0.8.4:
    resolution: {integrity: sha512-yZeZ7z2Rx4gv/0E97oLTF3V6N25vglmwXGgoeju/W2YjsFvWzVtCDI7zRRb0mJhU6+jmSM8jP1DeQGbea/AiZQ==}
    dependencies:
      '@module-federation/error-codes': 0.8.4
      '@module-federation/sdk': 0.8.4
    dev: true

  /@module-federation/sdk@0.8.4:
    resolution: {integrity: sha512-waABomIjg/5m1rPDBWYG4KUhS5r7OUUY7S+avpaVIY/tkPWB3ibRDKy2dNLLAMaLKq0u+B1qIdEp4NIWkqhqpg==}
    dependencies:
      isomorphic-rslog: 0.0.6
    dev: true

  /@module-federation/webpack-bundler-runtime@0.8.4:
    resolution: {integrity: sha512-HggROJhvHPUX7uqBD/XlajGygMNM1DG0+4OAkk8MBQe4a18QzrRNzZt6XQbRTSG4OaEoyRWhQHvYD3Yps405tQ==}
    dependencies:
      '@module-federation/runtime': 0.8.4
      '@module-federation/sdk': 0.8.4
    dev: true

  /@rsbuild/core@1.2.0-beta.0:
    resolution: {integrity: sha512-gS1vTTbnYYjIpraEjRPhFMf1iH2rFrnV3cc3H6ZgAFQsksZzgYJyZBvAuigKPUW4SIl1mgnmMGWhLwZHgyZzOg==}
    engines: {node: '>=16.7.0'}
    hasBin: true
    dependencies:
      '@rspack/core': 1.2.0-beta.0(@swc/helpers@0.5.15)
      '@rspack/lite-tapable': 1.0.1
      '@swc/helpers': 0.5.15
      core-js: 3.39.0
    dev: true

  /@rslib/core@0.3.1(typescript@5.7.3):
    resolution: {integrity: sha512-CWGCoEEUC2/29MKcdtW6/QbjGR+7tEHZc9/w7pGG8fZAKtPAZx/lYNi/N63e/Q/MVWeU4GYRpG89EROFRantPQ==}
    engines: {node: '>=16.0.0'}
    hasBin: true
    peerDependencies:
      '@microsoft/api-extractor': ^7
      typescript: ^5
    peerDependenciesMeta:
      '@microsoft/api-extractor':
        optional: true
      typescript:
        optional: true
    dependencies:
      '@rsbuild/core': 1.2.0-beta.0
      rsbuild-plugin-dts: 0.3.1(@rsbuild/core@1.2.0-beta.0)(typescript@5.7.3)
      tinyglobby: 0.2.10
      typescript: 5.7.3
    dev: true

  /@rspack/binding-darwin-arm64@1.2.0-beta.0:
    resolution: {integrity: sha512-g8NgY4OIjZf5LabAKOHNr2rs/WzVaxXpOSVsdHztQL6ETdeEpIPUul4p/5zivFNcrvJxVVeHzKJHyB5lqxDcTA==}
    cpu: [arm64]
    os: [darwin]
    requiresBuild: true
    dev: true
    optional: true

  /@rspack/binding-darwin-x64@1.2.0-beta.0:
    resolution: {integrity: sha512-+BH/1UpG96exJc6KhDOiSHAb05bUwxbYCd37HAJwcLxQgB7IEmPtBYvV5CtHysteM5NBtbNeeAcyXK+dIYvUew==}
    cpu: [x64]
    os: [darwin]
    requiresBuild: true
    dev: true
    optional: true

  /@rspack/binding-linux-arm64-gnu@1.2.0-beta.0:
    resolution: {integrity: sha512-LdIBNy5WAXJ1J9nB3bEyvqz7mJrMN/7cCtPHMmFBR1aTFbh1NAjYZl24fc+f59aSV5jAU9wfTrOtqtSwnXg4tQ==}
    cpu: [arm64]
    os: [linux]
    libc: [glibc]
    requiresBuild: true
    dev: true
    optional: true

  /@rspack/binding-linux-arm64-musl@1.2.0-beta.0:
    resolution: {integrity: sha512-4tRi87UyEWV25X6Ul68kJJ/de/cwmASmrIUrCYmdWEdtWMN46UOz0OvxCYvcHTf0DCP8M1CZf0cSiRuG/hsxGA==}
    cpu: [arm64]
    os: [linux]
    libc: [musl]
    requiresBuild: true
    dev: true
    optional: true

  /@rspack/binding-linux-x64-gnu@1.2.0-beta.0:
    resolution: {integrity: sha512-rWWrPwUH3V4yG46acZDIlqr7H/yCxbu+WdPhdIRBvgT7bisQkZa2HYx6MXmUXxx94U2iFy5bh+un0ho5FZOeCg==}
    cpu: [x64]
    os: [linux]
    libc: [glibc]
    requiresBuild: true
    dev: true
    optional: true

  /@rspack/binding-linux-x64-musl@1.2.0-beta.0:
    resolution: {integrity: sha512-9pgL17Bk8aSrTBx6VfQbb313RInDjlY9DfgV5ybbSsWaFs/oAs4oPy+kepWWixfb9Y2q/74bSBPrBNTBYQpknw==}
    cpu: [x64]
    os: [linux]
    libc: [musl]
    requiresBuild: true
    dev: true
    optional: true

  /@rspack/binding-win32-arm64-msvc@1.2.0-beta.0:
    resolution: {integrity: sha512-JQ06Q3uTclIk4AvKUqx0Royx2PqVcUuumEUFVWERbd01fntkQqI3RFrPazBYAIvk5JmXk40+CKA1CsFef4RKOA==}
    cpu: [arm64]
    os: [win32]
    requiresBuild: true
    dev: true
    optional: true

  /@rspack/binding-win32-ia32-msvc@1.2.0-beta.0:
    resolution: {integrity: sha512-rNz/sXjXLAqCZkDuTumqm9Aa47Hiu45+vkJ0XvbirJ0A+dzuyGjdtlinwLyZtCY+dVAlS+AcX5znJLlpTSnjjA==}
    cpu: [ia32]
    os: [win32]
    requiresBuild: true
    dev: true
    optional: true

  /@rspack/binding-win32-x64-msvc@1.2.0-beta.0:
    resolution: {integrity: sha512-LKFcgaeEo7G6YLE5aKIbeWzXUpVZc02u0q4as0TjTTRBHd8r21GeaGJVh1Xm9YBkHpIX8Ho1DMftYVd+F6gHzw==}
    cpu: [x64]
    os: [win32]
    requiresBuild: true
    dev: true
    optional: true

  /@rspack/binding@1.2.0-beta.0:
    resolution: {integrity: sha512-ZUBWVKCVC3uunZhjH7FAVLP83r/6QvPmYViA6n0JF3ycBmcJLkHJb26v42j6d5EfYfTtNvfRUlzHckIkFDQeDQ==}
    optionalDependencies:
      '@rspack/binding-darwin-arm64': 1.2.0-beta.0
      '@rspack/binding-darwin-x64': 1.2.0-beta.0
      '@rspack/binding-linux-arm64-gnu': 1.2.0-beta.0
      '@rspack/binding-linux-arm64-musl': 1.2.0-beta.0
      '@rspack/binding-linux-x64-gnu': 1.2.0-beta.0
      '@rspack/binding-linux-x64-musl': 1.2.0-beta.0
      '@rspack/binding-win32-arm64-msvc': 1.2.0-beta.0
      '@rspack/binding-win32-ia32-msvc': 1.2.0-beta.0
      '@rspack/binding-win32-x64-msvc': 1.2.0-beta.0
    dev: true

  /@rspack/core@1.2.0-beta.0(@swc/helpers@0.5.15):
    resolution: {integrity: sha512-0o0EYNeCwbRrh1l+P6HEKGS3Y+SVE/+J6SqDGGBsOixt/YzFeYNeaePWUnFfQ8a27jp9s//Ix6iuxMYGjWmitA==}
    engines: {node: '>=16.0.0'}
    peerDependencies:
      '@swc/helpers': '>=0.5.1'
    peerDependenciesMeta:
      '@swc/helpers':
        optional: true
    dependencies:
      '@module-federation/runtime-tools': 0.8.4
      '@rspack/binding': 1.2.0-beta.0
      '@rspack/lite-tapable': 1.0.1
      '@swc/helpers': 0.5.15
      caniuse-lite: 1.0.30001692
    dev: true

  /@rspack/lite-tapable@1.0.1:
    resolution: {integrity: sha512-VynGOEsVw2s8TAlLf/uESfrgfrq2+rcXB1muPJYBWbsm1Oa6r5qVQhjA5ggM6z/coYPrsVMgovl3Ff7Q7OCp1w==}
    engines: {node: '>=16.0.0'}
    dev: true

  /@swc/helpers@0.5.15:
    resolution: {integrity: sha512-JQ5TuMi45Owi4/BIMAJBoSQoOJu12oOk/gADqlcUL9JEdHB8vyjUSsxqeNXnmXHjYKMi2WcYtezGEEhqUI/E2g==}
    dependencies:
      tslib: 2.8.1
    dev: true

  /@types/node@22.10.5:
    resolution: {integrity: sha512-F8Q+SeGimwOo86fiovQh8qiXfFEh2/ocYv7tU5pJ3EXMSSxk1Joj5wefpFK2fHTf/N6HKGSxIDBT9f3gCxXPkQ==}
    dependencies:
      undici-types: 6.20.0
    dev: true

  /caniuse-lite@1.0.30001692:
    resolution: {integrity: sha512-A95VKan0kdtrsnMubMKxEKUKImOPSuCpYgxSQBo036P5YYgVIcOYJEgt/txJWqObiRQeISNCfef9nvlQ0vbV7A==}
    dev: true

  /core-js@3.39.0:
    resolution: {integrity: sha512-raM0ew0/jJUqkJ0E6e8UDtl+y/7ktFivgWvqw8dNSQeNWoSDLvQ1H/RN3aPXB9tBd4/FhyR4RDPGhsNIMsAn7g==}
    requiresBuild: true
    dev: true

  /fdir@6.4.2(picomatch@4.0.2):
    resolution: {integrity: sha512-KnhMXsKSPZlAhp7+IjUkRZKPb4fUyccpDrdFXbi4QL1qkmFh9kVY09Yox+n4MaOb3lHZ1Tv829C3oaaXoMYPDQ==}
    peerDependencies:
      picomatch: ^3 || ^4
    peerDependenciesMeta:
      picomatch:
        optional: true
    dependencies:
      picomatch: 4.0.2
    dev: true

  /isomorphic-rslog@0.0.6:
    resolution: {integrity: sha512-HM0q6XqQ93psDlqvuViNs/Ea3hAyGDkIdVAHlrEocjjAwGrs1fZ+EdQjS9eUPacnYB7Y8SoDdSY3H8p3ce205A==}
    engines: {node: '>=14.17.6'}
    dev: true

  /magic-string@0.30.17:
    resolution: {integrity: sha512-sNPKHvyjVf7gyjwS4xGTaW/mCnF8wnjtifKBEhxfZ7E/S8tQ0rssrwGNn6q8JH/ohItJfSQp9mBtQYuTlH5QnA==}
    dependencies:
      '@jridgewell/sourcemap-codec': 1.5.0
    dev: true

  /picocolors@1.1.1:
    resolution: {integrity: sha512-xceH2snhtb5M9liqDsmEw56le376mTZkEX/jEb/RxNFyegNul7eNslCXP9FDj/Lcu0X8KEyMceP2ntpaHrDEVA==}
    dev: true

  /picomatch@4.0.2:
    resolution: {integrity: sha512-M7BAV6Rlcy5u+m6oPhAPFgJTzAioX/6B0DxyvDlo9l8+T3nLKbrczg2WLUyzd45L8RqfUMyGPzekbMvX2Ldkwg==}
    engines: {node: '>=12'}
    dev: true

  /rsbuild-plugin-dts@0.3.1(@rsbuild/core@1.2.0-beta.0)(typescript@5.7.3):
    resolution: {integrity: sha512-oeD8ztSn0LBSNhUbIkYIxJKRMjd1Td2Dfhc1RefP0eouxkpnbQ+Dln3V5AVUGfDGK+BlubqEAF1gk3xAzLWA9w==}
    engines: {node: '>=16.0.0'}
    peerDependencies:
      '@microsoft/api-extractor': ^7
      '@rsbuild/core': 1.x
      typescript: ^5
    peerDependenciesMeta:
      '@microsoft/api-extractor':
        optional: true
      typescript:
        optional: true
    dependencies:
      '@rsbuild/core': 1.2.0-beta.0
      magic-string: 0.30.17
      picocolors: 1.1.1
      tinyglobby: 0.2.10
      typescript: 5.7.3
    dev: true

  /tinyglobby@0.2.10:
    resolution: {integrity: sha512-Zc+8eJlFMvgatPZTl6A9L/yht8QqdmUNtURHaKZLmKBE12hNPSrqNkUp2cs3M/UKmNVVAMFQYSjYIVHDjW5zew==}
    engines: {node: '>=12.0.0'}
    dependencies:
      fdir: 6.4.2(picomatch@4.0.2)
      picomatch: 4.0.2
    dev: true

  /tslib@2.8.1:
    resolution: {integrity: sha512-oJFu94HQb+KVduSUQL7wnpmqnfmLsOA/nAh6b6EH0wCEoK0/mPeXU6c3wKDV83MkOuHPRHtSXKKU99IBazS/2w==}
    dev: true

  /typescript@5.7.3:
    resolution: {integrity: sha512-84MVSjMEHP+FQRPy3pX9sTVV/INIex71s9TL2Gm5FG/WG1SqXeKyZ0k7/blY/4FdOzI12CBy1vGc4og/eus0fw==}
    engines: {node: '>=14.17'}
    hasBin: true
    dev: true

  /undici-types@6.20.0:
    resolution: {integrity: sha512-Ny6QZ2Nju20vw1SRHe3d9jVu6gJ+4e3+MMpqu7pqE5HT6WsTSlce++GQmK5UXS8mzV8DSYHrQH+Xrf2jVcuKNg==}
    dev: true
